// !$*UTF8*$!
{
	archiveVersion = 1;
	classes = {
	};
	objectVersion = 46;
	objects = {

/* Begin PBXBuildFile section */
		3BEF27A51A09901A00892913 /* AppDelegate.swift in Sources */ = {isa = PBXBuildFile; fileRef = 3BEF27A41A09901A00892913 /* AppDelegate.swift */; };
		3BEF27A71A09901A00892913 /* ViewController.swift in Sources */ = {isa = PBXBuildFile; fileRef = 3BEF27A61A09901A00892913 /* ViewController.swift */; };
		3BEF27AA1A09901A00892913 /* Main.storyboard in Resources */ = {isa = PBXBuildFile; fileRef = 3BEF27A81A09901A00892913 /* Main.storyboard */; };
		3BEF27AC1A09901A00892913 /* Images.xcassets in Resources */ = {isa = PBXBuildFile; fileRef = 3BEF27AB1A09901A00892913 /* Images.xcassets */; };
		3BEF27AF1A09901A00892913 /* LaunchScreen.xib in Resources */ = {isa = PBXBuildFile; fileRef = 3BEF27AD1A09901A00892913 /* LaunchScreen.xib */; };
		3BEF27BB1A09901A00892913 /* PostCardiOS8Tests.swift in Sources */ = {isa = PBXBuildFile; fileRef = 3BEF27BA1A09901A00892913 /* PostCardiOS8Tests.swift */; };
/* End PBXBuildFile section */

/* Begin PBXContainerItemProxy section */
		3BEF27B51A09901A00892913 /* PBXContainerItemProxy */ = {
			isa = PBXContainerItemProxy;
			containerPortal = 3BEF27971A09901900892913 /* Project object */;
			proxyType = 1;
			remoteGlobalIDString = 3BEF279E1A09901900892913;
			remoteInfo = PostCardiOS8;
		};
/* End PBXContainerItemProxy section */

/* Begin PBXFileReference section */
		3BEF279F1A09901A00892913 /* PostCardiOS8.app */ = {isa = PBXFileReference; explicitFileType = wrapper.application; includeInIndex = 0; path = PostCardiOS8.app; sourceTree = BUILT_PRODUCTS_DIR; };
		3BEF27A31A09901A00892913 /* Info.plist */ = {isa = PBXFileReference; lastKnownFileType = text.plist.xml; path = Info.plist; sourceTree = "<group>"; };
		3BEF27A41A09901A00892913 /* AppDelegate.swift */ = {isa = PBXFileReference; lastKnownFileType = sourcecode.swift; path = AppDelegate.swift; sourceTree = "<group>"; };
		3BEF27A61A09901A00892913 /* ViewController.swift */ = {isa = PBXFileReference; lastKnownFileType = sourcecode.swift; path = ViewController.swift; sourceTree = "<group>"; };
		3BEF27A91A09901A00892913 /* Base */ = {isa = PBXFileReference; lastKnownFileType = file.storyboard; name = Base; path = Base.lproj/Main.storyboard; sourceTree = "<group>"; };
		3BEF27AB1A09901A00892913 /* Images.xcassets */ = {isa = PBXFileReference; lastKnownFileType = folder.assetcatalog; path = Images.xcassets; sourceTree = "<group>"; };
		3BEF27AE1A09901A00892913 /* Base */ = {isa = PBXFileReference; lastKnownFileType = file.xib; name = Base; path = Base.lproj/LaunchScreen.xib; sourceTree = "<group>"; };
		3BEF27B41A09901A00892913 /* PostCardiOS8Tests.xctest */ = {isa = PBXFileReference; explicitFileType = wrapper.cfbundle; includeInIndex = 0; path = PostCardiOS8Tests.xctest; sourceTree = BUILT_PRODUCTS_DIR; };
		3BEF27B91A09901A00892913 /* Info.plist */ = {isa = PBXFileReference; lastKnownFileType = text.plist.xml; path = Info.plist; sourceTree = "<group>"; };
		3BEF27BA1A09901A00892913 /* PostCardiOS8Tests.swift */ = {isa = PBXFileReference; lastKnownFileType = sourcecode.swift; path = PostCardiOS8Tests.swift; sourceTree = "<group>"; };
/* End PBXFileReference section */

/* Begin PBXFrameworksBuildPhase section */
		3BEF279C1A09901900892913 /* Frameworks */ = {
			isa = PBXFrameworksBuildPhase;
			buildActionMask = 2147483647;
			files = (
			);
			runOnlyForDeploymentPostprocessing = 0;
		};
		3BEF27B11A09901A00892913 /* Frameworks */ = {
			isa = PBXFrameworksBuildPhase;
			buildActionMask = 2147483647;
			files = (
			);
			runOnlyForDeploymentPostprocessing = 0;
		};
/* End PBXFrameworksBuildPhase section */

/* Begin PBXGroup section */
		3BEF27961A09901900892913 = {
			isa = PBXGroup;
			children = (
				3BEF27A11A09901A00892913 /* PostCardiOS8 */,
				3BEF27B71A09901A00892913 /* PostCardiOS8Tests */,
				3BEF27A01A09901A00892913 /* Products */,
			);
			sourceTree = "<group>";
		};
		3BEF27A01A09901A00892913 /* Products */ = {
			isa = PBXGroup;
			children = (
				3BEF279F1A09901A00892913 /* PostCardiOS8.app */,
				3BEF27B41A09901A00892913 /* PostCardiOS8Tests.xctest */,
			);
			name = Products;
			sourceTree = "<group>";
		};
		3BEF27A11A09901A00892913 /* PostCardiOS8 */ = {
			isa = PBXGroup;
			children = (
				3BEF27A41A09901A00892913 /* AppDelegate.swift */,
				3BEF27A61A09901A00892913 /* ViewController.swift */,
				3BEF27A81A09901A00892913 /* Main.storyboard */,
				3BEF27AB1A09901A00892913 /* Images.xcassets */,
				3BEF27AD1A09901A00892913 /* LaunchScreen.xib */,
				3BEF27A21A09901A00892913 /* Supporting Files */,
			);
			path = PostCardiOS8;
			sourceTree = "<group>";
		};
		3BEF27A21A09901A00892913 /* Supporting Files */ = {
			isa = PBXGroup;
			children = (
				3BEF27A31A09901A00892913 /* Info.plist */,
			);
			name = "Supporting Files";
			sourceTree = "<group>";
		};
		3BEF27B71A09901A00892913 /* PostCardiOS8Tests */ = {
			isa = PBXGroup;
			children = (
				3BEF27BA1A09901A00892913 /* PostCardiOS8Tests.swift */,
				3BEF27B81A09901A00892913 /* Supporting Files */,
			);
			path = PostCardiOS8Tests;
			sourceTree = "<group>";
		};
		3BEF27B81A09901A00892913 /* Supporting Files */ = {
			isa = PBXGroup;
			children = (
				3BEF27B91A09901A00892913 /* Info.plist */,
			);
			name = "Supporting Files";
			sourceTree = "<group>";
		};
/* End PBXGroup section */

/* Begin PBXNativeTarget section */
		3BEF279E1A09901900892913 /* PostCardiOS8 */ = {
			isa = PBXNativeTarget;
			buildConfigurationList = 3BEF27BE1A09901A00892913 /* Build configuration list for PBXNativeTarget "PostCardiOS8" */;
			buildPhases = (
				3BEF279B1A09901900892913 /* Sources */,
				3BEF279C1A09901900892913 /* Frameworks */,
				3BEF279D1A09901900892913 /* Resources */,
			);
			buildRules = (
			);
			dependencies = (
			);
			name = PostCardiOS8;
			productName = PostCardiOS8;
			productReference = 3BEF279F1A09901A00892913 /* PostCardiOS8.app */;
			productType = "com.apple.product-type.application";
		};
		3BEF27B31A09901A00892913 /* PostCardiOS8Tests */ = {
			isa = PBXNativeTarget;
			buildConfigurationList = 3BEF27C11A09901A00892913 /* Build configuration list for PBXNativeTarget "PostCardiOS8Tests" */;
			buildPhases = (
				3BEF27B01A09901A00892913 /* Sources */,
				3BEF27B11A09901A00892913 /* Frameworks */,
				3BEF27B21A09901A00892913 /* Resources */,
			);
			buildRules = (
			);
			dependencies = (
				3BEF27B61A09901A00892913 /* PBXTargetDependency */,
			);
			name = PostCardiOS8Tests;
			productName = PostCardiOS8Tests;
			productReference = 3BEF27B41A09901A00892913 /* PostCardiOS8Tests.xctest */;
			productType = "com.apple.product-type.bundle.unit-test";
		};
/* End PBXNativeTarget section */

/* Begin PBXProject section */
		3BEF27971A09901900892913 /* Project object */ = {
			isa = PBXProject;
			attributes = {
				LastUpgradeCheck = 0610;
				ORGANIZATIONNAME = "David Su";
				TargetAttributes = {
					3BEF279E1A09901900892913 = {
						CreatedOnToolsVersion = 6.1;
					};
					3BEF27B31A09901A00892913 = {
						CreatedOnToolsVersion = 6.1;
						TestTargetID = 3BEF279E1A09901900892913;
					};
				};
			};
			buildConfigurationList = 3BEF279A1A09901900892913 /* Build configuration list for PBXProject "PostCardiOS8" */;
			compatibilityVersion = "Xcode 3.2";
			developmentRegion = English;
			hasScannedForEncodings = 0;
			knownRegions = (
				en,
				Base,
			);
			mainGroup = 3BEF27961A09901900892913;
			productRefGroup = 3BEF27A01A09901A00892913 /* Products */;
			projectDirPath = "";
			projectRoot = "";
			targets = (
				3BEF279E1A09901900892913 /* PostCardiOS8 */,
				3BEF27B31A09901A00892913 /* PostCardiOS8Tests */,
			);
		};
/* End PBXProject section */

/* Begin PBXResourcesBuildPhase section */
		3BEF279D1A09901900892913 /* Resources */ = {
			isa = PBXResourcesBuildPhase;
			buildActionMask = 2147483647;
			files = (
				3BEF27AA1A09901A00892913 /* Main.storyboard in Resources */,
				3BEF27AF1A09901A00892913 /* LaunchScreen.xib in Resources */,
				3BEF27AC1A09901A00892913 /* Images.xcassets in Resources */,
			);
			runOnlyForDeploymentPostprocessing = 0;
		};
		3BEF27B21A09901A00892913 /* Resources */ = {
			isa = PBXResourcesBuildPhase;
			buildActionMask = 2147483647;
			files = (
			);
			runOnlyForDeploymentPostprocessing = 0;
		};
/* End PBXResourcesBuildPhase section */

/* Begin PBXSourcesBuildPhase section */
		3BEF279B1A09901900892913 /* Sources */ = {
			isa = PBXSourcesBuildPhase;
			buildActionMask = 2147483647;
			files = (
				3BEF27A71A09901A00892913 /* ViewController.swift in Sources */,
				3BEF27A51A09901A00892913 /* AppDelegate.swift in Sources */,
			);
			runOnlyForDeploymentPostprocessing = 0;
		};
		3BEF27B01A09901A00892913 /* Sources */ = {
			isa = PBXSourcesBuildPhase;
			buildActionMask = 2147483647;
			files = (
				3BEF27BB1A09901A00892913 /* PostCardiOS8Tests.swift in Sources */,
			);
			runOnlyForDeploymentPostprocessing = 0;
		};
/* End PBXSourcesBuildPhase section */

/* Begin PBXTargetDependency section */
		3BEF27B61A09901A00892913 /* PBXTargetDependency */ = {
			isa = PBXTargetDependency;
			target = 3BEF279E1A09901900892913 /* PostCardiOS8 */;
			targetProxy = 3BEF27B51A09901A00892913 /* PBXContainerItemProxy */;
		};
/* End PBXTargetDependency section */

/* Begin PBXVariantGroup section */
		3BEF27A81A09901A00892913 /* Main.storyboard */ = {
			isa = PBXVariantGroup;
			children = (
				3BEF27A91A09901A00892913 /* Base */,
			);
			name = Main.storyboard;
			sourceTree = "<group>";
		};
		3BEF27AD1A09901A00892913 /* LaunchScreen.xib */ = {
			isa = PBXVariantGroup;
			children = (
				3BEF27AE1A09901A00892913 /* Base */,
			);
			name = LaunchScreen.xib;
			sourceTree = "<group>";
		};
/* End PBXVariantGroup section */

/* Begin XCBuildConfiguration section */
		3BEF27BC1A09901A00892913 /* Debug */ = {
			isa = XCBuildConfiguration;
			buildSettings = {
				ALWAYS_SEARCH_USER_PATHS = NO;
				CLANG_CXX_LANGUAGE_STANDARD = "gnu++0x";
				CLANG_CXX_LIBRARY = "libc++";
				CLANG_ENABLE_MODULES = YES;
				CLANG_ENABLE_OBJC_ARC = YES;
				CLANG_WARN_BOOL_CONVERSION = YES;
				CLANG_WARN_CONSTANT_CONVERSION = YES;
				CLANG_WARN_DIRECT_OBJC_ISA_USAGE = YES_ERROR;
				CLANG_WARN_EMPTY_BODY = YES;
				CLANG_WARN_ENUM_CONVERSION = YES;
				CLANG_WARN_INT_CONVERSION = YES;
				CLANG_WARN_OBJC_ROOT_CLASS = YES_ERROR;
				CLANG_WARN_UNREACHABLE_CODE = YES;
				CLANG_WARN__DUPLICATE_METHOD_MATCH = YES;
				"CODE_SIGN_IDENTITY[sdk=iphoneos*]" = "iPhone Developer";
				COPY_PHASE_STRIP = NO;
				ENABLE_STRICT_OBJC_MSGSEND = YES;
				GCC_C_LANGUAGE_STANDARD = gnu99;
				GCC_DYNAMIC_NO_PIC = NO;
				GCC_OPTIMIZATION_LEVEL = 0;
				GCC_PREPROCESSOR_DEFINITIONS = (
					"DEBUG=1",
					"$(inherited)",
				);
				GCC_SYMBOLS_PRIVATE_EXTERN = NO;
				GCC_WARN_64_TO_32_BIT_CONVERSION = YES;
				GCC_WARN_ABOUT_RETURN_TYPE = YES_ERROR;
				GCC_WARN_UNDECLARED_SELECTOR = YES;
				GCC_WARN_UNINITIALIZED_AUTOS = YES_AGGRESSIVE;
				GCC_WARN_UNUSED_FUNCTION = YES;
				GCC_WARN_UNUSED_VARIABLE = YES;
				IPHONEOS_DEPLOYMENT_TARGET = 8.1;
				MTL_ENABLE_DEBUG_INFO = YES;
				ONLY_ACTIVE_ARCH = YES;
				SDKROOT = iphoneos;
				SWIFT_OPTIMIZATION_LEVEL = "-Onone";
				TARGETED_DEVICE_FAMILY = "1,2";
			};
			name = Debug;
		};
		3BEF27BD1A09901A00892913 /* Release */ = {
			isa = XCBuildConfiguration;
			buildSettings = {
				ALWAYS_SEARCH_USER_PATHS = NO;
				CLANG_CXX_LANGUAGE_STANDARD = "gnu++0x";
				CLANG_CXX_LIBRARY = "libc++";
				CLANG_ENABLE_MODULES = YES;
				CLANG_ENABLE_OBJC_ARC = YES;
				CLANG_WARN_BOOL_CONVERSION = YES;
				CLANG_WARN_CONSTANT_CONVERSION = YES;
				CLANG_WARN_DIRECT_OBJC_ISA_USAGE = YES_ERROR;
				CLANG_WARN_EMPTY_BODY = YES;
				CLANG_WARN_ENUM_CONVERSION = YES;
				CLANG_WARN_INT_CONVERSION = YES;
				CLANG_WARN_OBJC_ROOT_CLASS = YES_ERROR;
				CLANG_WARN_UNREACHABLE_CODE = YES;
				CLANG_WARN__DUPLICATE_METHOD_MATCH = YES;
				"CODE_SIGN_IDENTITY[sdk=iphoneos*]" = "iPhone Developer";
				COPY_PHASE_STRIP = YES;
				ENABLE_NS_ASSERTIONS = NO;
				ENABLE_STRICT_OBJC_MSGSEND = YES;
				GCC_C_LANGUAGE_STANDARD = gnu99;
				GCC_WARN_64_TO_32_BIT_CONVERSION = YES;
				GCC_WARN_ABOUT_RETURN_TYPE = YES_ERROR;
				GCC_WARN_UNDECLARED_SELECTOR = YES;
				GCC_WARN_UNINITIALIZED_AUTOS = YES_AGGRESSIVE;
				GCC_WARN_UNUSED_FUNCTION = YES;
				GCC_WARN_UNUSED_VARIABLE = YES;
				IPHONEOS_DEPLOYMENT_TARGET = 8.1;
				MTL_ENABLE_DEBUG_INFO = NO;
				SDKROOT = iphoneos;
				TARGETED_DEVICE_FAMILY = "1,2";
				VALIDATE_PRODUCT = YES;
			};
			name = Release;
		};
		3BEF27BF1A09901A00892913 /* Debug */ = {
			isa = XCBuildConfiguration;
			buildSettings = {
				ASSETCATALOG_COMPILER_APPICON_NAME = AppIcon;
				INFOPLIST_FILE = PostCardiOS8/Info.plist;
				LD_RUNPATH_SEARCH_PATHS = "$(inherited) @executable_path/Frameworks";
				PRODUCT_NAME = "$(TARGET_NAME)";
			};
			name = Debug;
		};
		3BEF27C01A09901A00892913 /* Release */ = {
			isa = XCBuildConfiguration;
			buildSettings = {
				ASSETCATALOG_COMPILER_APPICON_NAME = AppIcon;
				INFOPLIST_FILE = PostCardiOS8/Info.plist;
				LD_RUNPATH_SEARCH_PATHS = "$(inherited) @executable_path/Frameworks";
				PRODUCT_NAME = "$(TARGET_NAME)";
			};
			name = Release;
		};
		3BEF27C21A09901A00892913 /* Debug */ = {
			isa = XCBuildConfiguration;
			buildSettings = {
				BUNDLE_LOADER = "$(TEST_HOST)";
				FRAMEWORK_SEARCH_PATHS = (
					"$(SDKROOT)/Developer/Library/Frameworks",
					"$(inherited)",
				);
				GCC_PREPROCESSOR_DEFINITIONS = (
					"DEBUG=1",
					"$(inherited)",
				);
				INFOPLIST_FILE = PostCardiOS8Tests/Info.plist;
				LD_RUNPATH_SEARCH_PATHS = "$(inherited) @executable_path/Frameworks @loader_path/Frameworks";
				PRODUCT_NAME = "$(TARGET_NAME)";
				TEST_HOST = "$(BUILT_PRODUCTS_DIR)/PostCardiOS8.app/PostCardiOS8";
			};
			name = Debug;
		};
		3BEF27C31A09901A00892913 /* Release */ = {
			isa = XCBuildConfiguration;
			buildSettings = {
				BUNDLE_LOADER = "$(TEST_HOST)";
				FRAMEWORK_SEARCH_PATHS = (
					"$(SDKROOT)/Developer/Library/Frameworks",
					"$(inherited)",
				);
				INFOPLIST_FILE = PostCardiOS8Tests/Info.plist;
				LD_RUNPATH_SEARCH_PATHS = "$(inherited) @executable_path/Frameworks @loader_path/Frameworks";
				PRODUCT_NAME = "$(TARGET_NAME)";
				TEST_HOST = "$(BUILT_PRODUCTS_DIR)/PostCardiOS8.app/PostCardiOS8";
			};
			name = Release;
		};
/* End XCBuildConfiguration section */

/* Begin XCConfigurationList section */
		3BEF279A1A09901900892913 /* Build configuration list for PBXProject "PostCardiOS8" */ = {
			isa = XCConfigurationList;
			buildConfigurations = (
				3BEF27BC1A09901A00892913 /* Debug */,
				3BEF27BD1A09901A00892913 /* Release */,
			);
			defaultConfigurationIsVisible = 0;
			defaultConfigurationName = Release;
		};
		3BEF27BE1A09901A00892913 /* Build configuration list for PBXNativeTarget "PostCardiOS8" */ = {
			isa = XCConfigurationList;
			buildConfigurations = (
				3BEF27BF1A09901A00892913 /* Debug */,
				3BEF27C01A09901A00892913 /* Release */,
			);
			defaultConfigurationIsVisible = 0;
		};
		3BEF27C11A09901A00892913 /* Build configuration list for PBXNativeTarget "PostCardiOS8Tests" */ = {
			isa = XCConfigurationList;
			buildConfigurations = (
				3BEF27C21A09901A00892913 /* Debug */,
				3BEF27C31A09901A00892913 /* Release */,
			);
			defaultConfigurationIsVisible = 0;
		};
/* End XCConfigurationList section */
	};
	rootObject = 3BEF27971A09901900892913 /* Project object */;
}
